version: 1
experts:
  KubernetesArchitect:
    source: ghcr.io/katasec/forge-kubernetes-architect:0.1.0
    path: ~/.forge/experts/ghcr.io/katasec/forge-kubernetes-architect/0.1.0/expert.md
  SecurityArchitect:
    source: ghcr.io/katasec/forge-security-architect:0.1.0
    path: ~/.forge/experts/ghcr.io/katasec/forge-security-architect/0.1.0/expert.md
  PrincipalReviewer:
    source: ghcr.io/katasec/forge-principal-reviewer:0.1.0
    path: ~/.forge/experts/ghcr.io/katasec/forge-principal-reviewer/0.1.0/expert.md
