version: 1
experts:
  Drafter:
    source: experts
    path: experts/Drafter/expert.md
    hash: b1c4b705406d633f8f4ab64ad0f430402208933456b30113f75c661dfb018191
  WordCountGate:
    source: experts
    path: experts/WordCountGate/expert.md
    hash: 1fa29925297e44b9270cbc50d40a7ab806edbf17d8f451df0b95ff46a5d46dce
